
Microsoft Visual Studio Solution File, Format Version 12.00
# Visual Studio Version 17
VisualStudioVersion = 17.14.36327.8
MinimumVisualStudioVersion = 10.0.40219.1
Project("{FAE04EC0-301F-11D3-BF4B-00C04F79EFBC}") = "Pet_ToDo_WebApi", "Pet_ToDo_WebAppi\Pet_ToDo_WebApi.csproj", "{908D0C07-DCDC-4E59-82EA-D4E206825084}"
EndProject
Project("{FAE04EC0-301F-11D3-BF4B-00C04F79EFBC}") = "ToDoApiTest", "ToDoApiTest\ToDoApiTest.csproj", "{D3B352A7-B90E-4480-96FD-1832AC406D2A}"
EndProject
Global
	GlobalSection(SolutionConfigurationPlatforms) = preSolution
		Debug|Any CPU = Debug|Any CPU
		Release|Any CPU = Release|Any CPU
	EndGlobalSection
	GlobalSection(ProjectConfigurationPlatforms) = postSolution
		{908D0C07-DCDC-4E59-82EA-D4E206825084}.Debug|Any CPU.ActiveCfg = Debug|Any CPU
		{908D0C07-DCDC-4E59-82EA-D4E206825084}.Debug|Any CPU.Build.0 = Debug|Any CPU
		{908D0C07-DCDC-4E59-82EA-D4E206825084}.Release|Any CPU.ActiveCfg = Release|Any CPU
		{908D0C07-DCDC-4E59-82EA-D4E206825084}.Release|Any CPU.Build.0 = Release|Any CPU
		{D3B352A7-B90E-4480-96FD-1832AC406D2A}.Debug|Any CPU.ActiveCfg = Debug|Any CPU
		{D3B352A7-B90E-4480-96FD-1832AC406D2A}.Debug|Any CPU.Build.0 = Debug|Any CPU
		{D3B352A7-B90E-4480-96FD-1832AC406D2A}.Release|Any CPU.ActiveCfg = Release|Any CPU
		{D3B352A7-B90E-4480-96FD-1832AC406D2A}.Release|Any CPU.Build.0 = Release|Any CPU
	EndGlobalSection
	GlobalSection(SolutionProperties) = preSolution
		HideSolutionNode = FALSE
	EndGlobalSection
	GlobalSection(ExtensibilityGlobals) = postSolution
		SolutionGuid = {79BE464B-2585-4430-9FEC-3943C6E0A85F}
	EndGlobalSection
EndGlobal
